
Microsoft Visual Studio Solution File, Format Version 12.00
Project("{FAE04EC0-301F-11D3-BF4B-00C04F79EFBC}") = "SoundManager", "SoundManager\SoundManager.csproj", "{F66974C8-832C-4979-9541-2B187EFB9214}"
EndProject
Global
	GlobalSection(SolutionConfigurationPlatforms) = preSolution
		Debug|Any CPU = Debug|Any CPU
		Release|Any CPU = Release|Any CPU
	EndGlobalSection
	GlobalSection(ProjectConfigurationPlatforms) = postSolution
		{F66974C8-832C-4979-9541-2B187EFB9214}.Debug|Any CPU.ActiveCfg = Debug|Any CPU
		{F66974C8-832C-4979-9541-2B187EFB9214}.Debug|Any CPU.Build.0 = Debug|Any CPU
		{F66974C8-832C-4979-9541-2B187EFB9214}.Release|Any CPU.ActiveCfg = Release|Any CPU
		{F66974C8-832C-4979-9541-2B187EFB9214}.Release|Any CPU.Build.0 = Release|Any CPU
	EndGlobalSection
EndGlobal
